<?xml version="1.0" encoding="utf-8"?>
<Project ToolsVersion="4.0" xmlns="http://schemas.microsoft.com/developer/msbuild/2003">
  <ItemGroup>
    <ClCompile Include="Account1.cpp" />
    <ClCompile Include="AssemblyInfo.cpp" />
    <ClCompile Include="MainWindow.cpp" />
    <ClCompile Include="MYSQL.cpp" />
    <ClCompile Include="Package.cpp" />
    <ClCompile Include="PosUI.cpp" />
    <ClCompile Include="Product.cpp" />
    <ClCompile Include="Project.cpp" />
    <ClCompile Include="PurchaseManage.cpp" />
    <ClCompile Include="Receipt.cpp" />
    <ClCompile Include="SaleSystemForm.cpp" />
    <ClCompile Include="Staff1.cpp" />
    <ClCompile Include="Staffs.cpp" />
    <ClCompile Include="stdafx.cpp" />
    <ClCompile Include="StoreInfo.cpp" />
    <ClCompile Include="Supplier.cpp" />
    <ClCompile Include="WarehouseChart.cpp" />
    <ClCompile Include="WarehouseDashboard.cpp" />
    <ClCompile Include="WareHouseForm.cpp" />
    <ClCompile Include="WarehouseManage.cpp" />
    <ClCompile Include="WarehouseManageUI.cpp" />
  </ItemGroup>
  <ItemGroup>
    <ClInclude Include="Account.h" />
    <ClInclude Include="Account1.h" />
    <ClInclude Include="BasicFunction.h" />
    <ClInclude Include="Cash.h" />
    <ClInclude Include="CreditCard.h" />
    <ClInclude Include="Detail.h" />
    <ClInclude Include="EcommercialManage.h" />
    <ClInclude Include="Epayment.h" />
    <ClInclude Include="Form1.h" />
    <ClInclude Include="Icash.h" />
    <ClInclude Include="Log.h" />
    <ClInclude Include="MainWindow.h" />
    <ClInclude Include="MYSQL.h" />
    <ClInclude Include="Package.h" />
    <ClInclude Include="Payment.h" />
    <ClInclude Include="PosUI.h" />
    <ClInclude Include="Product.h" />
    <ClInclude Include="PurchaseManage.h" />
    <ClInclude Include="Receipt.h" />
    <ClInclude Include="resource.h" />
    <ClInclude Include="SaleManage.h" />
    <ClInclude Include="SaleSystem.h" />
    <ClInclude Include="SaleSystemForm.h" />
    <ClInclude Include="Staff.h" />
    <ClInclude Include="Staff1.h" />
    <ClInclude Include="StaffManage.h" />
    <ClInclude Include="Staffs.h" />
    <ClInclude Include="stdafx.h" />
    <ClInclude Include="StoreData.h" />
    <ClInclude Include="StoreInfo.h" />
    <ClInclude Include="StoreManage.h" />
    <ClInclude Include="Supplier.h" />
    <ClInclude Include="WarehouseChart.h" />
    <ClInclude Include="WarehouseDashboard.h" />
    <ClInclude Include="WareHouseForm.h" />
    <ClInclude Include="WarehouseManage.h" />
    <ClInclude Include="WarehouseManageUI.h" />
  </ItemGroup>
  <ItemGroup>
    <ResourceCompile Include="app.rc" />
  </ItemGroup>
  <ItemGroup>
    <EmbeddedResource Include="Account1.resx" />
    <EmbeddedResource Include="Account12.resx" />
    <EmbeddedResource Include="Form1.resX" />
    <EmbeddedResource Include="MainWindow.resx" />
    <EmbeddedResource Include="PosUI.resx" />
    <EmbeddedResource Include="SaleSystemForm.resx" />
    <EmbeddedResource Include="Staff1.resx" />
    <EmbeddedResource Include="StoreInfo.resx" />
    <EmbeddedResource Include="WarehouseChart.resx" />
    <EmbeddedResource Include="WarehouseDashboard.resx" />
    <EmbeddedResource Include="WareHouseForm.resx" />
    <EmbeddedResource Include="WarehouseManageUI.resx" />
  </ItemGroup>
  <ItemGroup>
    <None Include="app.ico" />
    <None Include="ClassDiagram1.cd" />
    <None Include="ClassDiagram2.cd" />
    <None Include="ClassDiagram3.cd" />
    <None Include="ReadMe.txt" />
  </ItemGroup>
</Project>